
Microsoft Visual Studio Solution File, Format Version 12.00
# Visual Studio Version 16
VisualStudioVersion = 16.0.30114.105
MinimumVisualStudioVersion = 10.0.40219.1
Project("{FAE04EC0-301F-11D3-BF4B-00C04F79EFBC}") = "MrNkr.MergePdf", "MrNkr.MergePdf\MrNkr.MergePdf.csproj", "{AD667846-9CB6-4378-B6CC-5CE931EB90BC}"
EndProject
Project("{FAE04EC0-301F-11D3-BF4B-00C04F79EFBC}") = "MrNkr.MergePdf.Core", "MrNkr.MergePdf.Core\MrNkr.MergePdf.Core.csproj", "{CF1F6B53-45C4-46C5-8488-8F8AD3F920D5}"
EndProject
Global
	GlobalSection(SolutionConfigurationPlatforms) = preSolution
		Debug|Any CPU = Debug|Any CPU
		Release|Any CPU = Release|Any CPU
	EndGlobalSection
	GlobalSection(SolutionProperties) = preSolution
		HideSolutionNode = FALSE
	EndGlobalSection
	GlobalSection(ProjectConfigurationPlatforms) = postSolution
		{AD667846-9CB6-4378-B6CC-5CE931EB90BC}.Debug|Any CPU.ActiveCfg = Debug|Any CPU
		{AD667846-9CB6-4378-B6CC-5CE931EB90BC}.Debug|Any CPU.Build.0 = Debug|Any CPU
		{AD667846-9CB6-4378-B6CC-5CE931EB90BC}.Release|Any CPU.ActiveCfg = Release|Any CPU
		{AD667846-9CB6-4378-B6CC-5CE931EB90BC}.Release|Any CPU.Build.0 = Release|Any CPU
		{CF1F6B53-45C4-46C5-8488-8F8AD3F920D5}.Debug|Any CPU.ActiveCfg = Debug|Any CPU
		{CF1F6B53-45C4-46C5-8488-8F8AD3F920D5}.Debug|Any CPU.Build.0 = Debug|Any CPU
		{CF1F6B53-45C4-46C5-8488-8F8AD3F920D5}.Release|Any CPU.ActiveCfg = Release|Any CPU
		{CF1F6B53-45C4-46C5-8488-8F8AD3F920D5}.Release|Any CPU.Build.0 = Release|Any CPU
	EndGlobalSection
EndGlobal
